
Microsoft Visual Studio Solution File, Format Version 12.00
# Visual Studio Version 17
VisualStudioVersion = 17.0.32126.317
MinimumVisualStudioVersion = 10.0.40219.1
Project("{2150E333-8FDC-42A3-9474-1A3956D46DE8}") = "VividCryptography", "VividCryptography", "{7323C3A3-BB1C-4C35-A46D-66751E05BBB6}"
EndProject
Project("{9A19103F-16F7-4668-BE54-9A1E7A4F7556}") = "SSToolkit.VividCryptography", "VividCryptography\SSToolkit.VividCryptography\SSToolkit.VividCryptography.csproj", "{ECF7D20E-0C80-4716-B440-C74B04BAC236}"
EndProject
Project("{9A19103F-16F7-4668-BE54-9A1E7A4F7556}") = "SSToolkit.VividCryptography.Tests", "VividCryptography\SSToolkit.VividCryptography.Tests\SSToolkit.VividCryptography.Tests.csproj", "{6D773583-FED3-4E17-882B-EF6A8D869C19}"
EndProject
Global
	GlobalSection(SolutionConfigurationPlatforms) = preSolution
		Debug|Any CPU = Debug|Any CPU
		Release|Any CPU = Release|Any CPU
	EndGlobalSection
	GlobalSection(ProjectConfigurationPlatforms) = postSolution
		{ECF7D20E-0C80-4716-B440-C74B04BAC236}.Debug|Any CPU.ActiveCfg = Debug|Any CPU
		{ECF7D20E-0C80-4716-B440-C74B04BAC236}.Debug|Any CPU.Build.0 = Debug|Any CPU
		{ECF7D20E-0C80-4716-B440-C74B04BAC236}.Release|Any CPU.ActiveCfg = Release|Any CPU
		{ECF7D20E-0C80-4716-B440-C74B04BAC236}.Release|Any CPU.Build.0 = Release|Any CPU
		{6D773583-FED3-4E17-882B-EF6A8D869C19}.Debug|Any CPU.ActiveCfg = Debug|Any CPU
		{6D773583-FED3-4E17-882B-EF6A8D869C19}.Debug|Any CPU.Build.0 = Debug|Any CPU
		{6D773583-FED3-4E17-882B-EF6A8D869C19}.Release|Any CPU.ActiveCfg = Release|Any CPU
		{6D773583-FED3-4E17-882B-EF6A8D869C19}.Release|Any CPU.Build.0 = Release|Any CPU
	EndGlobalSection
	GlobalSection(SolutionProperties) = preSolution
		HideSolutionNode = FALSE
	EndGlobalSection
	GlobalSection(NestedProjects) = preSolution
		{ECF7D20E-0C80-4716-B440-C74B04BAC236} = {7323C3A3-BB1C-4C35-A46D-66751E05BBB6}
		{6D773583-FED3-4E17-882B-EF6A8D869C19} = {7323C3A3-BB1C-4C35-A46D-66751E05BBB6}
	EndGlobalSection
	GlobalSection(ExtensibilityGlobals) = postSolution
		SolutionGuid = {4C1F0F69-BA35-42EC-8E34-35C783804973}
	EndGlobalSection
EndGlobal
